
Microsoft Visual Studio Solution File, Format Version 12.00
# Visual Studio Version 17
VisualStudioVersion = 17.8.34330.188
MinimumVisualStudioVersion = 10.0.40219.1
Project("{9A19103F-16F7-4668-BE54-9A1E7A4F7556}") = "WebApi", "WebApi\WebApi.csproj", "{0E67AB01-0F65-49DA-AC3F-C965F4E3362D}"
EndProject
Project("{FAE04EC0-301F-11D3-BF4B-00C04F79EFBC}") = "WebCookieConsumer", "WebCookieConsumer\WebCookieConsumer.csproj", "{C998A67B-816F-4AB4-BC15-6263672FC0EF}"
EndProject
Global
	GlobalSection(SolutionConfigurationPlatforms) = preSolution
		Debug|Any CPU = Debug|Any CPU
		Release|Any CPU = Release|Any CPU
	EndGlobalSection
	GlobalSection(ProjectConfigurationPlatforms) = postSolution
		{0E67AB01-0F65-49DA-AC3F-C965F4E3362D}.Debug|Any CPU.ActiveCfg = Debug|Any CPU
		{0E67AB01-0F65-49DA-AC3F-C965F4E3362D}.Debug|Any CPU.Build.0 = Debug|Any CPU
		{0E67AB01-0F65-49DA-AC3F-C965F4E3362D}.Release|Any CPU.ActiveCfg = Release|Any CPU
		{0E67AB01-0F65-49DA-AC3F-C965F4E3362D}.Release|Any CPU.Build.0 = Release|Any CPU
		{C998A67B-816F-4AB4-BC15-6263672FC0EF}.Debug|Any CPU.ActiveCfg = Debug|Any CPU
		{C998A67B-816F-4AB4-BC15-6263672FC0EF}.Debug|Any CPU.Build.0 = Debug|Any CPU
		{C998A67B-816F-4AB4-BC15-6263672FC0EF}.Release|Any CPU.ActiveCfg = Release|Any CPU
		{C998A67B-816F-4AB4-BC15-6263672FC0EF}.Release|Any CPU.Build.0 = Release|Any CPU
	EndGlobalSection
	GlobalSection(SolutionProperties) = preSolution
		HideSolutionNode = FALSE
	EndGlobalSection
	GlobalSection(ExtensibilityGlobals) = postSolution
		SolutionGuid = {853C2FDC-902E-4F63-9599-4D7C6505FB44}
	EndGlobalSection
EndGlobal
